{
  "name": "frontend",
  "lockfileVersion": 2,
  "requires": true,
  "packages": {
    "": {
      "dependencies": {
        "@mdi/font": "^6.1.95"
      }
    },
    "node_modules/@mdi/font": {
      "version": "6.4.95",
      "resolved": "https://registry.npmjs.org/@mdi/font/-/font-6.4.95.tgz",
      "integrity": "sha512-jCQdXCD339EXirWYFbZv1Ansthm9j6O3FSQLsfi/mKamnGYxqbUBm5D4UjcVr6HVYIPNwTQQ46HNHlswPD8RcQ=="
    }
  },
  "dependencies": {
    "@mdi/font": {
      "version": "6.4.95",
      "resolved": "https://registry.npmjs.org/@mdi/font/-/font-6.4.95.tgz",
      "integrity": "sha512-jCQdXCD339EXirWYFbZv1Ansthm9j6O3FSQLsfi/mKamnGYxqbUBm5D4UjcVr6HVYIPNwTQQ46HNHlswPD8RcQ=="
    }
  }
}
